
Microsoft Visual Studio Solution File, Format Version 12.00
# Visual Studio 2013
VisualStudioVersion = 12.0.40629.0
MinimumVisualStudioVersion = 10.0.40219.1
Project("{FAE04EC0-301F-11D3-BF4B-00C04F79EFBC}") = "VkDatabaseWorker", "VkDatabaseWorker\VkDatabaseWorker.csproj", "{AC08994F-3BBF-40CB-BF41-BFF5DEB6101B}"
	ProjectSection(ProjectDependencies) = postProject
		{8F4E9A0D-637B-4594-B1B0-B3D77DFBB94B} = {8F4E9A0D-637B-4594-B1B0-B3D77DFBB94B}
		{8C90A952-3736-43BA-8548-D23253F1116C} = {8C90A952-3736-43BA-8548-D23253F1116C}
		{A2603CF4-811F-4004-ADD6-BD5AF69A6B26} = {A2603CF4-811F-4004-ADD6-BD5AF69A6B26}
	EndProjectSection
EndProject
Project("{FAE04EC0-301F-11D3-BF4B-00C04F79EFBC}") = "VkApiDll", "..\VkApi\VkApi\VkApiDll.csproj", "{8F4E9A0D-637B-4594-B1B0-B3D77DFBB94B}"
EndProject
Project("{FAE04EC0-301F-11D3-BF4B-00C04F79EFBC}") = "VkClientApp", "..\VkClientApp\VkClientApp\VkClientApp.csproj", "{8C90A952-3736-43BA-8548-D23253F1116C}"
	ProjectSection(ProjectDependencies) = postProject
		{8F4E9A0D-637B-4594-B1B0-B3D77DFBB94B} = {8F4E9A0D-637B-4594-B1B0-B3D77DFBB94B}
	EndProjectSection
EndProject
Project("{FAE04EC0-301F-11D3-BF4B-00C04F79EFBC}") = "VkDatabaseDll", "..\VkDatabaseApp\VkDatabaseApp\VkDatabaseDll.csproj", "{A2603CF4-811F-4004-ADD6-BD5AF69A6B26}"
	ProjectSection(ProjectDependencies) = postProject
		{8F4E9A0D-637B-4594-B1B0-B3D77DFBB94B} = {8F4E9A0D-637B-4594-B1B0-B3D77DFBB94B}
		{8C90A952-3736-43BA-8548-D23253F1116C} = {8C90A952-3736-43BA-8548-D23253F1116C}
	EndProjectSection
EndProject
Global
	GlobalSection(SolutionConfigurationPlatforms) = preSolution
		Debug|Any CPU = Debug|Any CPU
		Release|Any CPU = Release|Any CPU
	EndGlobalSection
	GlobalSection(ProjectConfigurationPlatforms) = postSolution
		{AC08994F-3BBF-40CB-BF41-BFF5DEB6101B}.Debug|Any CPU.ActiveCfg = Debug|Any CPU
		{AC08994F-3BBF-40CB-BF41-BFF5DEB6101B}.Debug|Any CPU.Build.0 = Debug|Any CPU
		{AC08994F-3BBF-40CB-BF41-BFF5DEB6101B}.Release|Any CPU.ActiveCfg = Release|Any CPU
		{AC08994F-3BBF-40CB-BF41-BFF5DEB6101B}.Release|Any CPU.Build.0 = Release|Any CPU
		{8F4E9A0D-637B-4594-B1B0-B3D77DFBB94B}.Debug|Any CPU.ActiveCfg = Debug|Any CPU
		{8F4E9A0D-637B-4594-B1B0-B3D77DFBB94B}.Debug|Any CPU.Build.0 = Debug|Any CPU
		{8F4E9A0D-637B-4594-B1B0-B3D77DFBB94B}.Release|Any CPU.ActiveCfg = Release|Any CPU
		{8F4E9A0D-637B-4594-B1B0-B3D77DFBB94B}.Release|Any CPU.Build.0 = Release|Any CPU
		{8C90A952-3736-43BA-8548-D23253F1116C}.Debug|Any CPU.ActiveCfg = Debug|Any CPU
		{8C90A952-3736-43BA-8548-D23253F1116C}.Debug|Any CPU.Build.0 = Debug|Any CPU
		{8C90A952-3736-43BA-8548-D23253F1116C}.Release|Any CPU.ActiveCfg = Release|Any CPU
		{8C90A952-3736-43BA-8548-D23253F1116C}.Release|Any CPU.Build.0 = Release|Any CPU
		{A2603CF4-811F-4004-ADD6-BD5AF69A6B26}.Debug|Any CPU.ActiveCfg = Debug|Any CPU
		{A2603CF4-811F-4004-ADD6-BD5AF69A6B26}.Debug|Any CPU.Build.0 = Debug|Any CPU
		{A2603CF4-811F-4004-ADD6-BD5AF69A6B26}.Release|Any CPU.ActiveCfg = Release|Any CPU
		{A2603CF4-811F-4004-ADD6-BD5AF69A6B26}.Release|Any CPU.Build.0 = Release|Any CPU
	EndGlobalSection
	GlobalSection(SolutionProperties) = preSolution
		HideSolutionNode = FALSE
	EndGlobalSection
EndGlobal
